
Microsoft Visual Studio Solution File, Format Version 12.00
# Visual Studio 15
VisualStudioVersion = 15.0.27428.1
MinimumVisualStudioVersion = 10.0.40219.1
Project("{FAE04EC0-301F-11D3-BF4B-00C04F79EFBC}") = "MiniPaint", "MiniPaint\MiniPaint.csproj", "{0D8AD6B4-AC84-42E6-983D-0945116CCB60}"
EndProject
Global
	GlobalSection(SolutionConfigurationPlatforms) = preSolution
		Debug|Any CPU = Debug|Any CPU
		Release|Any CPU = Release|Any CPU
	EndGlobalSection
	GlobalSection(ProjectConfigurationPlatforms) = postSolution
		{0D8AD6B4-AC84-42E6-983D-0945116CCB60}.Debug|Any CPU.ActiveCfg = Debug|Any CPU
		{0D8AD6B4-AC84-42E6-983D-0945116CCB60}.Debug|Any CPU.Build.0 = Debug|Any CPU
		{0D8AD6B4-AC84-42E6-983D-0945116CCB60}.Release|Any CPU.ActiveCfg = Release|Any CPU
		{0D8AD6B4-AC84-42E6-983D-0945116CCB60}.Release|Any CPU.Build.0 = Release|Any CPU
	EndGlobalSection
	GlobalSection(SolutionProperties) = preSolution
		HideSolutionNode = FALSE
	EndGlobalSection
	GlobalSection(ExtensibilityGlobals) = postSolution
		SolutionGuid = {FB60177A-D574-4714-8C72-107A0C25F739}
	EndGlobalSection
EndGlobal
